<?xml version="1.0" encoding="utf-8"?>
<Project ToolsVersion="4.0" xmlns="http://schemas.microsoft.com/developer/msbuild/2003">
  <ItemGroup>
    <Filter Include="Header Files">
      <UniqueIdentifier>{93995380-89BD-4b04-88EB-625FBE52EBFB}</UniqueIdentifier>
      <Extensions>h;hpp;hxx;hm;inl;inc;xsd</Extensions>
    </Filter>
    <Filter Include="Resource Files">
      <UniqueIdentifier>{67DA6AB6-F800-4c08-8B7A-83BB121AAD01}</UniqueIdentifier>
      <Extensions>rc;ico;cur;bmp;dlg;rc2;rct;bin;rgs;gif;jpg;jpeg;jpe;resx</Extensions>
    </Filter>
    <Filter Include="Source Files">
      <UniqueIdentifier>{4FC737F1-C7A5-4376-A066-2A32D752A2FF}</UniqueIdentifier>
      <Extensions>cpp;c;cc;cxx;def;odl;idl;hpj;bat;asm;asmx</Extensions>
    </Filter>
  </ItemGroup>
  <ItemGroup>
    <None Include="ClassDiagram1.cd" />
  </ItemGroup>
  <ItemGroup>
    <ClInclude Include="include\colormap.h">
      <Filter>Header Files</Filter>
    </ClInclude>
    <ClInclude Include="include\curveNet.h">
      <Filter>Header Files</Filter>
    </ClInclude>
    <ClInclude Include="include\disjointSet.h">
      <Filter>Header Files</Filter>
    </ClInclude>
    <ClInclude Include="include\fileIOHelper.h">
      <Filter>Header Files</Filter>
    </ClInclude>
    <ClInclude Include="include\heap.h">
      <Filter>Header Files</Filter>
    </ClInclude>
    <ClInclude Include="include\nvVector.h">
      <Filter>Header Files</Filter>
    </ClInclude>
    <ClInclude Include="include\pointCloudRenderer.h">
      <Filter>Header Files</Filter>
    </ClInclude>
    <ClInclude Include="include\pointCloudUtils.h">
      <Filter>Header Files</Filter>
    </ClInclude>
    <ClInclude Include="include\PointKDTree.h">
      <Filter>Header Files</Filter>
    </ClInclude>
    <ClInclude Include="include\smallUtils.h">
      <Filter>Header Files</Filter>
    </ClInclude>
    <ClInclude Include="include\TimeManager.h">
      <Filter>Header Files</Filter>
    </ClInclude>
    <ClInclude Include="include\adjMatrix.h">
      <Filter>Header Files</Filter>
    </ClInclude>
    <ClInclude Include="GUI_win\PointContourGUIApp.h">
      <Filter>Header Files</Filter>
    </ClInclude>
    <ClInclude Include="GUI_win\PointContourGUIMain.h">
      <Filter>Header Files</Filter>
    </ClInclude>
    <ClInclude Include="include\optimization.h">
      <Filter>Header Files</Filter>
    </ClInclude>
    <ClInclude Include="include\plane.h">
      <Filter>Header Files</Filter>
    </ClInclude>
    <ClInclude Include="include\splineUtils.h">
      <Filter>Header Files</Filter>
    </ClInclude>
    <ClInclude Include="include\cycleDiscovery.h">
      <Filter>Header Files</Filter>
    </ClInclude>
    <ClInclude Include="include\curveMappingTool.h">
      <Filter>Header Files</Filter>
    </ClInclude>
    <ClInclude Include="include\textfile.h">
      <Filter>Header Files</Filter>
    </ClInclude>
    <ClInclude Include="include\ConfigManager.h">
      <Filter>Header Files</Filter>
    </ClInclude>
    <ClInclude Include="include\constraints.h">
      <Filter>Header Files</Filter>
    </ClInclude>
    <ClInclude Include="include\SketchGLCanvas.h">
      <Filter>Header Files</Filter>
    </ClInclude>
    <ClInclude Include="include\partialSymmetry.h">
      <Filter>Header Files</Filter>
    </ClInclude>
    <ClInclude Include="include\RandGenerator.h">
      <Filter>Header Files</Filter>
    </ClInclude>
    <ClInclude Include="include\partialSymmetry.h">
      <Filter>Header Files</Filter>
    </ClInclude>
    <ClInclude Include="include\LocalFrame.h">
      <Filter>Header Files</Filter>
    </ClInclude>
    <ClInclude Include="include\pclUtils.h">
      <Filter>Header Files</Filter>
    </ClInclude>
  </ItemGroup>
  <ItemGroup>
    <ClCompile Include="src\curveNet.cpp">
      <Filter>Source Files</Filter>
    </ClCompile>
    <ClCompile Include="src\disjointSet.cpp">
      <Filter>Source Files</Filter>
    </ClCompile>
    <ClCompile Include="src\fileIOHelper.cpp">
      <Filter>Source Files</Filter>
    </ClCompile>
    <ClCompile Include="src\pointCloudRenderer.cpp">
      <Filter>Source Files</Filter>
    </ClCompile>
    <ClCompile Include="src\pointCloudUtils.cpp">
      <Filter>Source Files</Filter>
    </ClCompile>
    <ClCompile Include="src\smallUtils.cpp">
      <Filter>Source Files</Filter>
    </ClCompile>
    <ClCompile Include="src\TimeManager.cpp">
      <Filter>Source Files</Filter>
    </ClCompile>
    <ClCompile Include="src\colormap.cpp">
      <Filter>Source Files</Filter>
    </ClCompile>
    <ClCompile Include="src\adjMatrix.cpp">
      <Filter>Source Files</Filter>
    </ClCompile>
    <ClCompile Include="GUI_win\PointContourGUIApp.cpp">
      <Filter>Source Files</Filter>
    </ClCompile>
    <ClCompile Include="GUI_win\PointContourGUIMain.cpp">
      <Filter>Source Files</Filter>
    </ClCompile>
    <ClCompile Include="src\optimization.cpp">
      <Filter>Source Files</Filter>
    </ClCompile>
    <ClCompile Include="src\splineUtils.cpp">
      <Filter>Source Files</Filter>
    </ClCompile>
    <ClCompile Include="src\cycleDiscovery.cpp">
      <Filter>Source Files</Filter>
    </ClCompile>
    <ClCompile Include="src\curveMappingTool.cpp">
      <Filter>Source Files</Filter>
    </ClCompile>
    <ClCompile Include="src\textfile.cpp">
      <Filter>Source Files</Filter>
    </ClCompile>
    <ClCompile Include="src\ConfigManager.cpp">
      <Filter>Source Files</Filter>
    </ClCompile>
    <ClCompile Include="src\constraints.cpp">
      <Filter>Source Files</Filter>
    </ClCompile>
    <ClCompile Include="src\partialSymmetry.cpp">
      <Filter>Source Files</Filter>
    </ClCompile>
    <ClCompile Include="src\SketchGLCanvas.cpp">
      <Filter>Source Files</Filter>
    </ClCompile>
    <ClCompile Include="src\RandGenerator.cpp">
      <Filter>Source Files</Filter>
    </ClCompile>
    <ClCompile Include="src\partialSymmetry.cpp">
      <Filter>Source Files</Filter>
    </ClCompile>
    <ClCompile Include="src\plane.cpp">
      <Filter>Source Files</Filter>
    </ClCompile>
    <ClCompile Include="src\pclUtils.cpp">
      <Filter>Source Files</Filter>
    </ClCompile>
  </ItemGroup>
</Project>